{
  "name": "fsJoinProject",
  "version": "2.0.0",
  "lockfileVersion": 2,
  "requires": true,
  "packages": {
    "": {
      "name": "fsJoinProject",
      "version": "2.0.0",
      "license": "Apache-2.0",
      "dependencies": {
        "@southlane/cognito-jwt-verifier": "^0.1.8"
      }
    },
    "node_modules/@panva/asn1.js": {
      "version": "1.0.0",
      "resolved": "https://registry.npmjs.org/@panva/asn1.js/-/asn1.js-1.0.0.tgz",
      "integrity": "sha512-UdkG3mLEqXgnlKsWanWcgb6dOjUzJ+XC5f+aWw30qrtjxeNUSfKX1cd5FBzOaXQumoe9nIqeZUvrRJS03HCCtw==",
      "engines": {
        "node": ">=10.13.0"
      }
    },
    "node_modules/@southlane/cognito-jwt-verifier": {
      "version": "0.1.8",
      "resolved": "https://registry.npmjs.org/@southlane/cognito-jwt-verifier/-/cognito-jwt-verifier-0.1.8.tgz",
      "integrity": "sha512-MCsR1iCeMfHina7cqzbIyC9v46i8a7fp7KGMG2qziSxo3rY3CVt9SYEe5zB+6lU34gBm+GE6pTEbwLBo/9pXvg==",
      "dependencies": {
        "jose": "^1.28.0"
      }
    },
    "node_modules/jose": {
      "version": "1.28.1",
      "resolved": "https://registry.npmjs.org/jose/-/jose-1.28.1.tgz",
      "integrity": "sha512-6JK28rFu5ENp/yxMwM+iN7YeaInnY9B9Bggjkz5fuwLiJhbVrl2O4SJr65bdNBPl9y27fdC3Mymh+FVCvozLIg==",
      "dependencies": {
        "@panva/asn1.js": "^1.0.0"
      },
      "engines": {
        "node": ">=10.13.0"
      },
      "funding": {
        "url": "https://github.com/sponsors/panva"
      }
    }
  },
  "dependencies": {
    "@panva/asn1.js": {
      "version": "1.0.0",
      "resolved": "https://registry.npmjs.org/@panva/asn1.js/-/asn1.js-1.0.0.tgz",
      "integrity": "sha512-UdkG3mLEqXgnlKsWanWcgb6dOjUzJ+XC5f+aWw30qrtjxeNUSfKX1cd5FBzOaXQumoe9nIqeZUvrRJS03HCCtw=="
    },
    "@southlane/cognito-jwt-verifier": {
      "version": "0.1.8",
      "resolved": "https://registry.npmjs.org/@southlane/cognito-jwt-verifier/-/cognito-jwt-verifier-0.1.8.tgz",
      "integrity": "sha512-MCsR1iCeMfHina7cqzbIyC9v46i8a7fp7KGMG2qziSxo3rY3CVt9SYEe5zB+6lU34gBm+GE6pTEbwLBo/9pXvg==",
      "requires": {
        "jose": "^1.28.0"
      }
    },
    "jose": {
      "version": "1.28.1",
      "resolved": "https://registry.npmjs.org/jose/-/jose-1.28.1.tgz",
      "integrity": "sha512-6JK28rFu5ENp/yxMwM+iN7YeaInnY9B9Bggjkz5fuwLiJhbVrl2O4SJr65bdNBPl9y27fdC3Mymh+FVCvozLIg==",
      "requires": {
        "@panva/asn1.js": "^1.0.0"
      }
    }
  }
}
