{
  "name": "fs-daily-report",
  "version": "2.0.0",
  "lockfileVersion": 2,
  "requires": true,
  "packages": {
    "": {
      "name": "fs-daily-report",
      "version": "2.0.0",
      "license": "Apache-2.0",
      "dependencies": {
        "forwardslash": "file:../../../../.."
      }
    },
    "../../../../..": {
      "name": "forwardslash",
      "version": "0.1.0",
      "dependencies": {
        "@capacitor/android": "^4.5.0",
        "@capacitor/cli": "^4.5.0",
        "@capacitor/core": "^4.5.0",
        "@capacitor/ios": "^4.5.0",
        "@dnd-kit/core": "^6.0.5",
        "@dnd-kit/modifiers": "^6.0.0",
        "@dnd-kit/sortable": "^7.0.1",
        "@dnd-kit/utilities": "^3.2.0",
        "@fluentui/svg-icons": "^1.1.187",
        "@hassanmojab/react-modern-calendar-datepicker": "^3.1.7",
        "@react-spring/web": "^9.5.5",
        "@use-gesture/react": "^10.2.22",
        "aws-sdk": "^2.1261.0",
        "big-integer": "^1.6.51",
        "blueimp-md5": "^2.19.0",
        "csv": "^6.2.3",
        "highlight.js": "^11.7.0",
        "mariadb": "^3.0.2",
        "nanoid": "^4.0.0",
        "react": "^18.2.0",
        "react-dom": "^18.2.0",
        "react-outer-click": "3.8.0",
        "react-redux": "^8.0.5",
        "redux": "^4.2.0",
        "redux-thunk": "^2.4.2",
        "vite-plugin-svgr": "^2.2.2"
      },
      "devDependencies": {
        "@babel/core": "^7.20.2",
        "@babel/eslint-parser": "^7.19.1",
        "@storybook/addon-a11y": "^6.5.13",
        "@storybook/addon-essentials": "^6.5.13",
        "@storybook/addon-interactions": "^6.5.13",
        "@storybook/addon-links": "^6.5.13",
        "@storybook/builder-webpack5": "^6.5.13",
        "@storybook/client-api": "^6.5.13",
        "@storybook/manager-webpack5": "^6.5.13",
        "@storybook/preset-create-react-app": "^4.1.2",
        "@storybook/react": "^6.5.13",
        "@vitejs/plugin-react": "^2.2.0",
        "autoprefixer": "^10.4.13",
        "babel-loader": "^9.1.0",
        "chromatic": "^6.11.4",
        "cross-env": "^7.0.3",
        "css-declaration-sorter": "^6.3.1",
        "eslint": "^8.28.0",
        "eslint-config-airbnb": "^19.0.4",
        "postcss": "^8.4.18",
        "postcss-cli": "^10.0.0",
        "postcss-scss": "^4.0.5",
        "prettier": "^2.7.1",
        "sass": "^1.56.1",
        "vite": "^3.2.4",
        "vite-plugin-pwa": "^0.13.3"
      }
    },
    "node_modules/forwardslash": {
      "resolved": "../../../../..",
      "link": true
    }
  },
  "dependencies": {
    "forwardslash": {
      "version": "file:../../../../..",
      "requires": {
        "@babel/core": "^7.20.2",
        "@babel/eslint-parser": "^7.19.1",
        "@capacitor/android": "^4.5.0",
        "@capacitor/cli": "^4.5.0",
        "@capacitor/core": "^4.5.0",
        "@capacitor/ios": "^4.5.0",
        "@dnd-kit/core": "^6.0.5",
        "@dnd-kit/modifiers": "^6.0.0",
        "@dnd-kit/sortable": "^7.0.1",
        "@dnd-kit/utilities": "^3.2.0",
        "@fluentui/svg-icons": "^1.1.187",
        "@hassanmojab/react-modern-calendar-datepicker": "^3.1.7",
        "@react-spring/web": "^9.5.5",
        "@storybook/addon-a11y": "^6.5.13",
        "@storybook/addon-essentials": "^6.5.13",
        "@storybook/addon-interactions": "^6.5.13",
        "@storybook/addon-links": "^6.5.13",
        "@storybook/builder-webpack5": "^6.5.13",
        "@storybook/client-api": "^6.5.13",
        "@storybook/manager-webpack5": "^6.5.13",
        "@storybook/preset-create-react-app": "^4.1.2",
        "@storybook/react": "^6.5.13",
        "@use-gesture/react": "^10.2.22",
        "@vitejs/plugin-react": "^2.2.0",
        "autoprefixer": "^10.4.13",
        "aws-sdk": "^2.1261.0",
        "babel-loader": "^9.1.0",
        "big-integer": "^1.6.51",
        "blueimp-md5": "^2.19.0",
        "chromatic": "^6.11.4",
        "cross-env": "^7.0.3",
        "css-declaration-sorter": "^6.3.1",
        "csv": "^6.2.3",
        "eslint": "^8.28.0",
        "eslint-config-airbnb": "^19.0.4",
        "highlight.js": "^11.7.0",
        "mariadb": "^3.0.2",
        "nanoid": "^4.0.0",
        "postcss": "^8.4.18",
        "postcss-cli": "^10.0.0",
        "postcss-scss": "^4.0.5",
        "prettier": "^2.7.1",
        "react": "^18.2.0",
        "react-dom": "^18.2.0",
        "react-outer-click": "3.8.0",
        "react-redux": "^8.0.5",
        "redux": "^4.2.0",
        "redux-thunk": "^2.4.2",
        "sass": "^1.56.1",
        "vite": "^3.2.4",
        "vite-plugin-pwa": "^0.13.3",
        "vite-plugin-svgr": "^2.2.2"
      }
    }
  }
}
